# THIS IS AN AUTOGENERATED FILE. DO NOT EDIT THIS FILE DIRECTLY.
# yarn lockfile v1


defu@^3.2.2:
  version "3.2.2"
  resolved "https://registry.yarnpkg.com/defu/-/defu-3.2.2.tgz#be20f4cc49b9805d54ee6b610658d53894942e97"
  integrity sha512-8UWj5lNv7HD+kB0e9w77Z7TdQlbUYDVWqITLHNqFIn6khrNHv5WQo38Dcm1f6HeNyZf0U7UbPf6WeZDSdCzGDQ==
